// !$*UTF8*$!
{
	archiveVersion = 1;
	classes = {
	};
	objectVersion = 56;
	objects = {

/* Begin PBXBuildFile section */
		A868A2A82BBDB6C1006A6008 /* AppDelegate.swift in Sources */ = {isa = PBXBuildFile; fileRef = A868A2A72BBDB6C1006A6008 /* AppDelegate.swift */; };
		A868A2AA2BBDB6C1006A6008 /* SceneDelegate.swift in Sources */ = {isa = PBXBuildFile; fileRef = A868A2A92BBDB6C1006A6008 /* SceneDelegate.swift */; };
		A868A2AC2BBDB6C1006A6008 /* ViewController.swift in Sources */ = {isa = PBXBuildFile; fileRef = A868A2AB2BBDB6C1006A6008 /* ViewController.swift */; };
		A868A2AF2BBDB6C1006A6008 /* Base in Resources */ = {isa = PBXBuildFile; fileRef = A868A2AE2BBDB6C1006A6008 /* Base */; };
		A868A2B12BBDB6C3006A6008 /* Assets.xcassets in Resources */ = {isa = PBXBuildFile; fileRef = A868A2B02BBDB6C3006A6008 /* Assets.xcassets */; };
		A868A2B42BBDB6C3006A6008 /* Base in Resources */ = {isa = PBXBuildFile; fileRef = A868A2B32BBDB6C3006A6008 /* Base */; };
		A884C5AC2BBDCCA3005DEB71 /* C.wav in Resources */ = {isa = PBXBuildFile; fileRef = A884C5A62BBDCCA3005DEB71 /* C.wav */; };
		A884C5AD2BBDCCA3005DEB71 /* D.wav in Resources */ = {isa = PBXBuildFile; fileRef = A884C5A72BBDCCA3005DEB71 /* D.wav */; };
		A884C5AE2BBDCCA3005DEB71 /* E.wav in Resources */ = {isa = PBXBuildFile; fileRef = A884C5A82BBDCCA3005DEB71 /* E.wav */; };
		A884C5AF2BBDCCA3005DEB71 /* F.wav in Resources */ = {isa = PBXBuildFile; fileRef = A884C5A92BBDCCA3005DEB71 /* F.wav */; };
		A884C5B02BBDCCA3005DEB71 /* G.wav in Resources */ = {isa = PBXBuildFile; fileRef = A884C5AA2BBDCCA3005DEB71 /* G.wav */; };
/* End PBXBuildFile section */

/* Begin PBXFileReference section */
		A868A2A42BBDB6C1006A6008 /* 9th Symphony.app */ = {isa = PBXFileReference; explicitFileType = wrapper.application; includeInIndex = 0; path = "9th Symphony.app"; sourceTree = BUILT_PRODUCTS_DIR; };
		A868A2A72BBDB6C1006A6008 /* AppDelegate.swift */ = {isa = PBXFileReference; lastKnownFileType = sourcecode.swift; path = AppDelegate.swift; sourceTree = "<group>"; };
		A868A2A92BBDB6C1006A6008 /* SceneDelegate.swift */ = {isa = PBXFileReference; lastKnownFileType = sourcecode.swift; path = SceneDelegate.swift; sourceTree = "<group>"; };
		A868A2AB2BBDB6C1006A6008 /* ViewController.swift */ = {isa = PBXFileReference; lastKnownFileType = sourcecode.swift; path = ViewController.swift; sourceTree = "<group>"; };
		A868A2AE2BBDB6C1006A6008 /* Base */ = {isa = PBXFileReference; lastKnownFileType = file.storyboard; name = Base; path = Base.lproj/Main.storyboard; sourceTree = "<group>"; };
		A868A2B02BBDB6C3006A6008 /* Assets.xcassets */ = {isa = PBXFileReference; lastKnownFileType = folder.assetcatalog; path = Assets.xcassets; sourceTree = "<group>"; };
		A868A2B32BBDB6C3006A6008 /* Base */ = {isa = PBXFileReference; lastKnownFileType = file.storyboard; name = Base; path = Base.lproj/LaunchScreen.storyboard; sourceTree = "<group>"; };
		A868A2B52BBDB6C3006A6008 /* Info.plist */ = {isa = PBXFileReference; lastKnownFileType = text.plist.xml; path = Info.plist; sourceTree = "<group>"; };
		A884C5A62BBDCCA3005DEB71 /* C.wav */ = {isa = PBXFileReference; lastKnownFileType = audio.wav; path = C.wav; sourceTree = "<group>"; };
		A884C5A72BBDCCA3005DEB71 /* D.wav */ = {isa = PBXFileReference; lastKnownFileType = audio.wav; path = D.wav; sourceTree = "<group>"; };
		A884C5A82BBDCCA3005DEB71 /* E.wav */ = {isa = PBXFileReference; lastKnownFileType = audio.wav; path = E.wav; sourceTree = "<group>"; };
		A884C5A92BBDCCA3005DEB71 /* F.wav */ = {isa = PBXFileReference; lastKnownFileType = audio.wav; path = F.wav; sourceTree = "<group>"; };
		A884C5AA2BBDCCA3005DEB71 /* G.wav */ = {isa = PBXFileReference; lastKnownFileType = audio.wav; path = G.wav; sourceTree = "<group>"; };
/* End PBXFileReference section */

/* Begin PBXFrameworksBuildPhase section */
		A868A2A12BBDB6C1006A6008 /* Frameworks */ = {
			isa = PBXFrameworksBuildPhase;
			buildActionMask = 2147483647;
			files = (
			);
			runOnlyForDeploymentPostprocessing = 0;
		};
/* End PBXFrameworksBuildPhase section */

/* Begin PBXGroup section */
		A868A29B2BBDB6C1006A6008 = {
			isa = PBXGroup;
			children = (
				A868A2A62BBDB6C1006A6008 /* 9th Symphony */,
				A868A2A52BBDB6C1006A6008 /* Products */,
			);
			sourceTree = "<group>";
		};
		A868A2A52BBDB6C1006A6008 /* Products */ = {
			isa = PBXGroup;
			children = (
				A868A2A42BBDB6C1006A6008 /* 9th Symphony.app */,
			);
			name = Products;
			sourceTree = "<group>";
		};
		A868A2A62BBDB6C1006A6008 /* 9th Symphony */ = {
			isa = PBXGroup;
			children = (
				A868A2A72BBDB6C1006A6008 /* AppDelegate.swift */,
				A868A2A92BBDB6C1006A6008 /* SceneDelegate.swift */,
				A868A2AB2BBDB6C1006A6008 /* ViewController.swift */,
				A868A2AD2BBDB6C1006A6008 /* Main.storyboard */,
				A884C5AB2BBDCCA3005DEB71 /* sounds */,
				A868A2B02BBDB6C3006A6008 /* Assets.xcassets */,
				A868A2B22BBDB6C3006A6008 /* LaunchScreen.storyboard */,
				A868A2B52BBDB6C3006A6008 /* Info.plist */,
			);
			path = "9th Symphony";
			sourceTree = "<group>";
		};
		A884C5AB2BBDCCA3005DEB71 /* sounds */ = {
			isa = PBXGroup;
			children = (
				A884C5A82BBDCCA3005DEB71 /* E.wav */,
				A884C5A92BBDCCA3005DEB71 /* F.wav */,
				A884C5AA2BBDCCA3005DEB71 /* G.wav */,
				A884C5A62BBDCCA3005DEB71 /* C.wav */,
				A884C5A72BBDCCA3005DEB71 /* D.wav */,
			);
			path = sounds;
			sourceTree = "<group>";
		};
/* End PBXGroup section */

/* Begin PBXNativeTarget section */
		A868A2A32BBDB6C1006A6008 /* 9th Symphony */ = {
			isa = PBXNativeTarget;
			buildConfigurationList = A868A2B82BBDB6C3006A6008 /* Build configuration list for PBXNativeTarget "9th Symphony" */;
			buildPhases = (
				A868A2A02BBDB6C1006A6008 /* Sources */,
				A868A2A12BBDB6C1006A6008 /* Frameworks */,
				A868A2A22BBDB6C1006A6008 /* Resources */,
			);
			buildRules = (
			);
			dependencies = (
			);
			name = "9th Symphony";
			productName = "9th Symphony";
			productReference = A868A2A42BBDB6C1006A6008 /* 9th Symphony.app */;
			productType = "com.apple.product-type.application";
		};
/* End PBXNativeTarget section */

/* Begin PBXProject section */
		A868A29C2BBDB6C1006A6008 /* Project object */ = {
			isa = PBXProject;
			attributes = {
				BuildIndependentTargetsInParallel = 1;
				LastSwiftUpdateCheck = 1530;
				LastUpgradeCheck = 1530;
				TargetAttributes = {
					A868A2A32BBDB6C1006A6008 = {
						CreatedOnToolsVersion = 15.3;
					};
				};
			};
			buildConfigurationList = A868A29F2BBDB6C1006A6008 /* Build configuration list for PBXProject "9th Symphony" */;
			compatibilityVersion = "Xcode 14.0";
			developmentRegion = en;
			hasScannedForEncodings = 0;
			knownRegions = (
				en,
				Base,
			);
			mainGroup = A868A29B2BBDB6C1006A6008;
			productRefGroup = A868A2A52BBDB6C1006A6008 /* Products */;
			projectDirPath = "";
			projectRoot = "";
			targets = (
				A868A2A32BBDB6C1006A6008 /* 9th Symphony */,
			);
		};
/* End PBXProject section */

/* Begin PBXResourcesBuildPhase section */
		A868A2A22BBDB6C1006A6008 /* Resources */ = {
			isa = PBXResourcesBuildPhase;
			buildActionMask = 2147483647;
			files = (
				A884C5B02BBDCCA3005DEB71 /* G.wav in Resources */,
				A884C5AE2BBDCCA3005DEB71 /* E.wav in Resources */,
				A884C5AF2BBDCCA3005DEB71 /* F.wav in Resources */,
				A884C5AC2BBDCCA3005DEB71 /* C.wav in Resources */,
				A868A2B12BBDB6C3006A6008 /* Assets.xcassets in Resources */,
				A884C5AD2BBDCCA3005DEB71 /* D.wav in Resources */,
				A868A2B42BBDB6C3006A6008 /* Base in Resources */,
				A868A2AF2BBDB6C1006A6008 /* Base in Resources */,
			);
			runOnlyForDeploymentPostprocessing = 0;
		};
/* End PBXResourcesBuildPhase section */

/* Begin PBXSourcesBuildPhase section */
		A868A2A02BBDB6C1006A6008 /* Sources */ = {
			isa = PBXSourcesBuildPhase;
			buildActionMask = 2147483647;
			files = (
				A868A2AC2BBDB6C1006A6008 /* ViewController.swift in Sources */,
				A868A2A82BBDB6C1006A6008 /* AppDelegate.swift in Sources */,
				A868A2AA2BBDB6C1006A6008 /* SceneDelegate.swift in Sources */,
			);
			runOnlyForDeploymentPostprocessing = 0;
		};
/* End PBXSourcesBuildPhase section */

/* Begin PBXVariantGroup section */
		A868A2AD2BBDB6C1006A6008 /* Main.storyboard */ = {
			isa = PBXVariantGroup;
			children = (
				A868A2AE2BBDB6C1006A6008 /* Base */,
			);
			name = Main.storyboard;
			sourceTree = "<group>";
		};
		A868A2B22BBDB6C3006A6008 /* LaunchScreen.storyboard */ = {
			isa = PBXVariantGroup;
			children = (
				A868A2B32BBDB6C3006A6008 /* Base */,
			);
			name = LaunchScreen.storyboard;
			sourceTree = "<group>";
		};
/* End PBXVariantGroup section */

/* Begin XCBuildConfiguration section */
		A868A2B62BBDB6C3006A6008 /* Debug */ = {
			isa = XCBuildConfiguration;
			buildSettings = {
				ALWAYS_SEARCH_USER_PATHS = NO;
				ASSETCATALOG_COMPILER_GENERATE_SWIFT_ASSET_SYMBOL_EXTENSIONS = YES;
				CLANG_ANALYZER_NONNULL = YES;
				CLANG_ANALYZER_NUMBER_OBJECT_CONVERSION = YES_AGGRESSIVE;
				CLANG_CXX_LANGUAGE_STANDARD = "gnu++20";
				CLANG_ENABLE_MODULES = YES;
				CLANG_ENABLE_OBJC_ARC = YES;
				CLANG_ENABLE_OBJC_WEAK = YES;
				CLANG_WARN_BLOCK_CAPTURE_AUTORELEASING = YES;
				CLANG_WARN_BOOL_CONVERSION = YES;
				CLANG_WARN_COMMA = YES;
				CLANG_WARN_CONSTANT_CONVERSION = YES;
				CLANG_WARN_DEPRECATED_OBJC_IMPLEMENTATIONS = YES;
				CLANG_WARN_DIRECT_OBJC_ISA_USAGE = YES_ERROR;
				CLANG_WARN_DOCUMENTATION_COMMENTS = YES;
				CLANG_WARN_EMPTY_BODY = YES;
				CLANG_WARN_ENUM_CONVERSION = YES;
				CLANG_WARN_INFINITE_RECURSION = YES;
				CLANG_WARN_INT_CONVERSION = YES;
				CLANG_WARN_NON_LITERAL_NULL_CONVERSION = YES;
				CLANG_WARN_OBJC_IMPLICIT_RETAIN_SELF = YES;
				CLANG_WARN_OBJC_LITERAL_CONVERSION = YES;
				CLANG_WARN_OBJC_ROOT_CLASS = YES_ERROR;
				CLANG_WARN_QUOTED_INCLUDE_IN_FRAMEWORK_HEADER = YES;
				CLANG_WARN_RANGE_LOOP_ANALYSIS = YES;
				CLANG_WARN_STRICT_PROTOTYPES = YES;
				CLANG_WARN_SUSPICIOUS_MOVE = YES;
				CLANG_WARN_UNGUARDED_AVAILABILITY = YES_AGGRESSIVE;
				CLANG_WARN_UNREACHABLE_CODE = YES;
				CLANG_WARN__DUPLICATE_METHOD_MATCH = YES;
				COPY_PHASE_STRIP = NO;
				DEBUG_INFORMATION_FORMAT = dwarf;
				ENABLE_STRICT_OBJC_MSGSEND = YES;
				ENABLE_TESTABILITY = YES;
				ENABLE_USER_SCRIPT_SANDBOXING = YES;
				GCC_C_LANGUAGE_STANDARD = gnu17;
				GCC_DYNAMIC_NO_PIC = NO;
				GCC_NO_COMMON_BLOCKS = YES;
				GCC_OPTIMIZATION_LEVEL = 0;
				GCC_PREPROCESSOR_DEFINITIONS = (
					"DEBUG=1",
					"$(inherited)",
				);
				GCC_WARN_64_TO_32_BIT_CONVERSION = YES;
				GCC_WARN_ABOUT_RETURN_TYPE = YES_ERROR;
				GCC_WARN_UNDECLARED_SELECTOR = YES;
				GCC_WARN_UNINITIALIZED_AUTOS = YES_AGGRESSIVE;
				GCC_WARN_UNUSED_FUNCTION = YES;
				GCC_WARN_UNUSED_VARIABLE = YES;
				IPHONEOS_DEPLOYMENT_TARGET = 17.4;
				LOCALIZATION_PREFERS_STRING_CATALOGS = YES;
				MTL_ENABLE_DEBUG_INFO = INCLUDE_SOURCE;
				MTL_FAST_MATH = YES;
				ONLY_ACTIVE_ARCH = YES;
				SDKROOT = iphoneos;
				SWIFT_ACTIVE_COMPILATION_CONDITIONS = "DEBUG $(inherited)";
				SWIFT_OPTIMIZATION_LEVEL = "-Onone";
			};
			name = Debug;
		};
		A868A2B72BBDB6C3006A6008 /* Release */ = {
			isa = XCBuildConfiguration;
			buildSettings = {
				ALWAYS_SEARCH_USER_PATHS = NO;
				ASSETCATALOG_COMPILER_GENERATE_SWIFT_ASSET_SYMBOL_EXTENSIONS = YES;
				CLANG_ANALYZER_NONNULL = YES;
				CLANG_ANALYZER_NUMBER_OBJECT_CONVERSION = YES_AGGRESSIVE;
				CLANG_CXX_LANGUAGE_STANDARD = "gnu++20";
				CLANG_ENABLE_MODULES = YES;
				CLANG_ENABLE_OBJC_ARC = YES;
				CLANG_ENABLE_OBJC_WEAK = YES;
				CLANG_WARN_BLOCK_CAPTURE_AUTORELEASING = YES;
				CLANG_WARN_BOOL_CONVERSION = YES;
				CLANG_WARN_COMMA = YES;
				CLANG_WARN_CONSTANT_CONVERSION = YES;
				CLANG_WARN_DEPRECATED_OBJC_IMPLEMENTATIONS = YES;
				CLANG_WARN_DIRECT_OBJC_ISA_USAGE = YES_ERROR;
				CLANG_WARN_DOCUMENTATION_COMMENTS = YES;
				CLANG_WARN_EMPTY_BODY = YES;
				CLANG_WARN_ENUM_CONVERSION = YES;
				CLANG_WARN_INFINITE_RECURSION = YES;
				CLANG_WARN_INT_CONVERSION = YES;
				CLANG_WARN_NON_LITERAL_NULL_CONVERSION = YES;
				CLANG_WARN_OBJC_IMPLICIT_RETAIN_SELF = YES;
				CLANG_WARN_OBJC_LITERAL_CONVERSION = YES;
				CLANG_WARN_OBJC_ROOT_CLASS = YES_ERROR;
				CLANG_WARN_QUOTED_INCLUDE_IN_FRAMEWORK_HEADER = YES;
				CLANG_WARN_RANGE_LOOP_ANALYSIS = YES;
				CLANG_WARN_STRICT_PROTOTYPES = YES;
				CLANG_WARN_SUSPICIOUS_MOVE = YES;
				CLANG_WARN_UNGUARDED_AVAILABILITY = YES_AGGRESSIVE;
				CLANG_WARN_UNREACHABLE_CODE = YES;
				CLANG_WARN__DUPLICATE_METHOD_MATCH = YES;
				COPY_PHASE_STRIP = NO;
				DEBUG_INFORMATION_FORMAT = "dwarf-with-dsym";
				ENABLE_NS_ASSERTIONS = NO;
				ENABLE_STRICT_OBJC_MSGSEND = YES;
				ENABLE_USER_SCRIPT_SANDBOXING = YES;
				GCC_C_LANGUAGE_STANDARD = gnu17;
				GCC_NO_COMMON_BLOCKS = YES;
				GCC_WARN_64_TO_32_BIT_CONVERSION = YES;
				GCC_WARN_ABOUT_RETURN_TYPE = YES_ERROR;
				GCC_WARN_UNDECLARED_SELECTOR = YES;
				GCC_WARN_UNINITIALIZED_AUTOS = YES_AGGRESSIVE;
				GCC_WARN_UNUSED_FUNCTION = YES;
				GCC_WARN_UNUSED_VARIABLE = YES;
				IPHONEOS_DEPLOYMENT_TARGET = 17.4;
				LOCALIZATION_PREFERS_STRING_CATALOGS = YES;
				MTL_ENABLE_DEBUG_INFO = NO;
				MTL_FAST_MATH = YES;
				SDKROOT = iphoneos;
				SWIFT_COMPILATION_MODE = wholemodule;
				VALIDATE_PRODUCT = YES;
			};
			name = Release;
		};
		A868A2B92BBDB6C3006A6008 /* Debug */ = {
			isa = XCBuildConfiguration;
			buildSettings = {
				ASSETCATALOG_COMPILER_APPICON_NAME = AppIcon;
				ASSETCATALOG_COMPILER_GLOBAL_ACCENT_COLOR_NAME = AccentColor;
				CODE_SIGN_STYLE = Automatic;
				CURRENT_PROJECT_VERSION = 1;
				DEVELOPMENT_TEAM = QCH4Y58Q72;
				GENERATE_INFOPLIST_FILE = YES;
				INFOPLIST_FILE = "9th Symphony/Info.plist";
				INFOPLIST_KEY_UIApplicationSupportsIndirectInputEvents = YES;
				INFOPLIST_KEY_UILaunchStoryboardName = LaunchScreen;
				INFOPLIST_KEY_UIMainStoryboardFile = Main;
				INFOPLIST_KEY_UISupportedInterfaceOrientations_iPad = "UIInterfaceOrientationPortrait UIInterfaceOrientationPortraitUpsideDown UIInterfaceOrientationLandscapeLeft UIInterfaceOrientationLandscapeRight";
				INFOPLIST_KEY_UISupportedInterfaceOrientations_iPhone = "UIInterfaceOrientationPortrait UIInterfaceOrientationLandscapeLeft UIInterfaceOrientationLandscapeRight";
				LD_RUNPATH_SEARCH_PATHS = (
					"$(inherited)",
					"@executable_path/Frameworks",
				);
				MARKETING_VERSION = 1.0;
				PRODUCT_BUNDLE_IDENTIFIER = "com.handandeniz.-th-Symphony";
				PRODUCT_NAME = "$(TARGET_NAME)";
				SWIFT_EMIT_LOC_STRINGS = YES;
				SWIFT_VERSION = 5.0;
				TARGETED_DEVICE_FAMILY = "1,2";
			};
			name = Debug;
		};
		A868A2BA2BBDB6C3006A6008 /* Release */ = {
			isa = XCBuildConfiguration;
			buildSettings = {
				ASSETCATALOG_COMPILER_APPICON_NAME = AppIcon;
				ASSETCATALOG_COMPILER_GLOBAL_ACCENT_COLOR_NAME = AccentColor;
				CODE_SIGN_STYLE = Automatic;
				CURRENT_PROJECT_VERSION = 1;
				DEVELOPMENT_TEAM = QCH4Y58Q72;
				GENERATE_INFOPLIST_FILE = YES;
				INFOPLIST_FILE = "9th Symphony/Info.plist";
				INFOPLIST_KEY_UIApplicationSupportsIndirectInputEvents = YES;
				INFOPLIST_KEY_UILaunchStoryboardName = LaunchScreen;
				INFOPLIST_KEY_UIMainStoryboardFile = Main;
				INFOPLIST_KEY_UISupportedInterfaceOrientations_iPad = "UIInterfaceOrientationPortrait UIInterfaceOrientationPortraitUpsideDown UIInterfaceOrientationLandscapeLeft UIInterfaceOrientationLandscapeRight";
				INFOPLIST_KEY_UISupportedInterfaceOrientations_iPhone = "UIInterfaceOrientationPortrait UIInterfaceOrientationLandscapeLeft UIInterfaceOrientationLandscapeRight";
				LD_RUNPATH_SEARCH_PATHS = (
					"$(inherited)",
					"@executable_path/Frameworks",
				);
				MARKETING_VERSION = 1.0;
				PRODUCT_BUNDLE_IDENTIFIER = "com.handandeniz.-th-Symphony";
				PRODUCT_NAME = "$(TARGET_NAME)";
				SWIFT_EMIT_LOC_STRINGS = YES;
				SWIFT_VERSION = 5.0;
				TARGETED_DEVICE_FAMILY = "1,2";
			};
			name = Release;
		};
/* End XCBuildConfiguration section */

/* Begin XCConfigurationList section */
		A868A29F2BBDB6C1006A6008 /* Build configuration list for PBXProject "9th Symphony" */ = {
			isa = XCConfigurationList;
			buildConfigurations = (
				A868A2B62BBDB6C3006A6008 /* Debug */,
				A868A2B72BBDB6C3006A6008 /* Release */,
			);
			defaultConfigurationIsVisible = 0;
			defaultConfigurationName = Release;
		};
		A868A2B82BBDB6C3006A6008 /* Build configuration list for PBXNativeTarget "9th Symphony" */ = {
			isa = XCConfigurationList;
			buildConfigurations = (
				A868A2B92BBDB6C3006A6008 /* Debug */,
				A868A2BA2BBDB6C3006A6008 /* Release */,
			);
			defaultConfigurationIsVisible = 0;
			defaultConfigurationName = Release;
		};
/* End XCConfigurationList section */
	};
	rootObject = A868A29C2BBDB6C1006A6008 /* Project object */;
}
